
Microsoft Visual Studio Solution File, Format Version 12.00
# Visual Studio Version 18
VisualStudioVersion = 18.0.11222.15
MinimumVisualStudioVersion = 10.0.40219.1
Project("{FAE04EC0-301F-11D3-BF4B-00C04F79EFBC}") = "Gauniv.WebServer", "Gauniv.WebServer\Gauniv.WebServer.csproj", "{BC4556EF-1A92-49AE-9A5C-E8876F64005F}"
EndProject
Project("{2150E333-8FDC-42A3-9474-1A3956D46DE8}") = "Éléments de solution", "Éléments de solution", "{ECF2A788-E6A8-4A42-9DEE-D34493CF6DD8}"
	ProjectSection(SolutionItems) = preProject
		docker-compose-db.yml = docker-compose-db.yml
		docker-compose-redis.yml = docker-compose-redis.yml
		docker-compose.yml = docker-compose.yml
		nginx.conf = nginx.conf
	EndProjectSection
EndProject
Project("{FAE04EC0-301F-11D3-BF4B-00C04F79EFBC}") = "Gauniv.Client", "Gauniv.Client\Gauniv.Client.csproj", "{BB77ED2A-9C64-4262-B6D2-501EBEA056A7}"
EndProject
Project("{FAE04EC0-301F-11D3-BF4B-00C04F79EFBC}") = "Gauniv.Network", "Gauniv.Network\Gauniv.Network.csproj", "{09A40B56-7A3F-426D-954C-83D040F66DD4}"
EndProject
Project("{E53339B2-1760-4266-BCC7-CA923CBCF16C}") = "docker-compose", "docker-compose.dcproj", "{4B8B6402-5A73-498B-941D-4F02233547C7}"
EndProject
Project("{FAE04EC0-301F-11D3-BF4B-00C04F79EFBC}") = "Gauniv.WpfClient", "Gauniv.WpfClient\Gauniv.WpfClient.csproj", "{6D3764AE-106B-4AFB-AEAC-4C2164049C2D}"
EndProject
Project("{FAE04EC0-301F-11D3-BF4B-00C04F79EFBC}") = "Gauniv.WpfClient.Tests", "Gauniv.WpfClient.Tests\Gauniv.WpfClient.Tests.csproj", "{DFEE5A89-3926-4625-9F9B-5A928A5A9F3D}"
EndProject
Global
	GlobalSection(SolutionConfigurationPlatforms) = preSolution
		Debug|Any CPU = Debug|Any CPU
		Debug|x64 = Debug|x64
		Debug|x86 = Debug|x86
		ExportDebug|Any CPU = ExportDebug|Any CPU
		ExportDebug|x64 = ExportDebug|x64
		ExportDebug|x86 = ExportDebug|x86
		ExportRelease|Any CPU = ExportRelease|Any CPU
		ExportRelease|x64 = ExportRelease|x64
		ExportRelease|x86 = ExportRelease|x86
		Release|Any CPU = Release|Any CPU
		Release|x64 = Release|x64
		Release|x86 = Release|x86
	EndGlobalSection
	GlobalSection(ProjectConfigurationPlatforms) = postSolution
		{BC4556EF-1A92-49AE-9A5C-E8876F64005F}.Debug|Any CPU.ActiveCfg = Debug|Any CPU
		{BC4556EF-1A92-49AE-9A5C-E8876F64005F}.Debug|Any CPU.Build.0 = Debug|Any CPU
		{BC4556EF-1A92-49AE-9A5C-E8876F64005F}.Debug|x64.ActiveCfg = Debug|Any CPU
		{BC4556EF-1A92-49AE-9A5C-E8876F64005F}.Debug|x64.Build.0 = Debug|Any CPU
		{BC4556EF-1A92-49AE-9A5C-E8876F64005F}.Debug|x86.ActiveCfg = Debug|Any CPU
		{BC4556EF-1A92-49AE-9A5C-E8876F64005F}.Debug|x86.Build.0 = Debug|Any CPU
		{BC4556EF-1A92-49AE-9A5C-E8876F64005F}.ExportDebug|Any CPU.ActiveCfg = Debug|Any CPU
		{BC4556EF-1A92-49AE-9A5C-E8876F64005F}.ExportDebug|Any CPU.Build.0 = Debug|Any CPU
		{BC4556EF-1A92-49AE-9A5C-E8876F64005F}.ExportDebug|x64.ActiveCfg = ExportDebug|Any CPU
		{BC4556EF-1A92-49AE-9A5C-E8876F64005F}.ExportDebug|x64.Build.0 = ExportDebug|Any CPU
		{BC4556EF-1A92-49AE-9A5C-E8876F64005F}.ExportDebug|x86.ActiveCfg = ExportDebug|Any CPU
		{BC4556EF-1A92-49AE-9A5C-E8876F64005F}.ExportDebug|x86.Build.0 = ExportDebug|Any CPU
		{BC4556EF-1A92-49AE-9A5C-E8876F64005F}.ExportRelease|Any CPU.ActiveCfg = Release|Any CPU
		{BC4556EF-1A92-49AE-9A5C-E8876F64005F}.ExportRelease|Any CPU.Build.0 = Release|Any CPU
		{BC4556EF-1A92-49AE-9A5C-E8876F64005F}.ExportRelease|x64.ActiveCfg = ExportRelease|Any CPU
		{BC4556EF-1A92-49AE-9A5C-E8876F64005F}.ExportRelease|x64.Build.0 = ExportRelease|Any CPU
		{BC4556EF-1A92-49AE-9A5C-E8876F64005F}.ExportRelease|x86.ActiveCfg = ExportRelease|Any CPU
		{BC4556EF-1A92-49AE-9A5C-E8876F64005F}.ExportRelease|x86.Build.0 = ExportRelease|Any CPU
		{BC4556EF-1A92-49AE-9A5C-E8876F64005F}.Release|Any CPU.ActiveCfg = Release|Any CPU
		{BC4556EF-1A92-49AE-9A5C-E8876F64005F}.Release|Any CPU.Build.0 = Release|Any CPU
		{BC4556EF-1A92-49AE-9A5C-E8876F64005F}.Release|x64.ActiveCfg = Release|Any CPU
		{BC4556EF-1A92-49AE-9A5C-E8876F64005F}.Release|x64.Build.0 = Release|Any CPU
		{BC4556EF-1A92-49AE-9A5C-E8876F64005F}.Release|x86.ActiveCfg = Release|Any CPU
		{BC4556EF-1A92-49AE-9A5C-E8876F64005F}.Release|x86.Build.0 = Release|Any CPU
		{BB77ED2A-9C64-4262-B6D2-501EBEA056A7}.Debug|Any CPU.ActiveCfg = Debug|Any CPU
		{BB77ED2A-9C64-4262-B6D2-501EBEA056A7}.Debug|Any CPU.Build.0 = Debug|Any CPU
		{BB77ED2A-9C64-4262-B6D2-501EBEA056A7}.Debug|x64.ActiveCfg = Debug|Any CPU
		{BB77ED2A-9C64-4262-B6D2-501EBEA056A7}.Debug|x64.Build.0 = Debug|Any CPU
		{BB77ED2A-9C64-4262-B6D2-501EBEA056A7}.Debug|x86.ActiveCfg = Debug|Any CPU
		{BB77ED2A-9C64-4262-B6D2-501EBEA056A7}.Debug|x86.Build.0 = Debug|Any CPU
		{BB77ED2A-9C64-4262-B6D2-501EBEA056A7}.ExportDebug|Any CPU.ActiveCfg = Debug|Any CPU
		{BB77ED2A-9C64-4262-B6D2-501EBEA056A7}.ExportDebug|Any CPU.Build.0 = Debug|Any CPU
		{BB77ED2A-9C64-4262-B6D2-501EBEA056A7}.ExportDebug|x64.ActiveCfg = ExportDebug|Any CPU
		{BB77ED2A-9C64-4262-B6D2-501EBEA056A7}.ExportDebug|x64.Build.0 = ExportDebug|Any CPU
		{BB77ED2A-9C64-4262-B6D2-501EBEA056A7}.ExportDebug|x86.ActiveCfg = ExportDebug|Any CPU
		{BB77ED2A-9C64-4262-B6D2-501EBEA056A7}.ExportDebug|x86.Build.0 = ExportDebug|Any CPU
		{BB77ED2A-9C64-4262-B6D2-501EBEA056A7}.ExportRelease|Any CPU.ActiveCfg = Release|Any CPU
		{BB77ED2A-9C64-4262-B6D2-501EBEA056A7}.ExportRelease|Any CPU.Build.0 = Release|Any CPU
		{BB77ED2A-9C64-4262-B6D2-501EBEA056A7}.ExportRelease|x64.ActiveCfg = ExportRelease|Any CPU
		{BB77ED2A-9C64-4262-B6D2-501EBEA056A7}.ExportRelease|x64.Build.0 = ExportRelease|Any CPU
		{BB77ED2A-9C64-4262-B6D2-501EBEA056A7}.ExportRelease|x86.ActiveCfg = ExportRelease|Any CPU
		{BB77ED2A-9C64-4262-B6D2-501EBEA056A7}.ExportRelease|x86.Build.0 = ExportRelease|Any CPU
		{BB77ED2A-9C64-4262-B6D2-501EBEA056A7}.Release|Any CPU.ActiveCfg = Release|Any CPU
		{BB77ED2A-9C64-4262-B6D2-501EBEA056A7}.Release|Any CPU.Build.0 = Release|Any CPU
		{BB77ED2A-9C64-4262-B6D2-501EBEA056A7}.Release|x64.ActiveCfg = Release|Any CPU
		{BB77ED2A-9C64-4262-B6D2-501EBEA056A7}.Release|x64.Build.0 = Release|Any CPU
		{BB77ED2A-9C64-4262-B6D2-501EBEA056A7}.Release|x86.ActiveCfg = Release|Any CPU
		{BB77ED2A-9C64-4262-B6D2-501EBEA056A7}.Release|x86.Build.0 = Release|Any CPU
		{09A40B56-7A3F-426D-954C-83D040F66DD4}.Debug|Any CPU.ActiveCfg = Debug|Any CPU
		{09A40B56-7A3F-426D-954C-83D040F66DD4}.Debug|Any CPU.Build.0 = Debug|Any CPU
		{09A40B56-7A3F-426D-954C-83D040F66DD4}.Debug|x64.ActiveCfg = Debug|Any CPU
		{09A40B56-7A3F-426D-954C-83D040F66DD4}.Debug|x64.Build.0 = Debug|Any CPU
		{09A40B56-7A3F-426D-954C-83D040F66DD4}.Debug|x86.ActiveCfg = Debug|Any CPU
		{09A40B56-7A3F-426D-954C-83D040F66DD4}.Debug|x86.Build.0 = Debug|Any CPU
		{09A40B56-7A3F-426D-954C-83D040F66DD4}.ExportDebug|Any CPU.ActiveCfg = Debug|Any CPU
		{09A40B56-7A3F-426D-954C-83D040F66DD4}.ExportDebug|Any CPU.Build.0 = Debug|Any CPU
		{09A40B56-7A3F-426D-954C-83D040F66DD4}.ExportDebug|x64.ActiveCfg = ExportDebug|Any CPU
		{09A40B56-7A3F-426D-954C-83D040F66DD4}.ExportDebug|x64.Build.0 = ExportDebug|Any CPU
		{09A40B56-7A3F-426D-954C-83D040F66DD4}.ExportDebug|x86.ActiveCfg = ExportDebug|Any CPU
		{09A40B56-7A3F-426D-954C-83D040F66DD4}.ExportDebug|x86.Build.0 = ExportDebug|Any CPU
		{09A40B56-7A3F-426D-954C-83D040F66DD4}.ExportRelease|Any CPU.ActiveCfg = Release|Any CPU
		{09A40B56-7A3F-426D-954C-83D040F66DD4}.ExportRelease|Any CPU.Build.0 = Release|Any CPU
		{09A40B56-7A3F-426D-954C-83D040F66DD4}.ExportRelease|x64.ActiveCfg = ExportRelease|Any CPU
		{09A40B56-7A3F-426D-954C-83D040F66DD4}.ExportRelease|x64.Build.0 = ExportRelease|Any CPU
		{09A40B56-7A3F-426D-954C-83D040F66DD4}.ExportRelease|x86.ActiveCfg = ExportRelease|Any CPU
		{09A40B56-7A3F-426D-954C-83D040F66DD4}.ExportRelease|x86.Build.0 = ExportRelease|Any CPU
		{09A40B56-7A3F-426D-954C-83D040F66DD4}.Release|Any CPU.ActiveCfg = Release|Any CPU
		{09A40B56-7A3F-426D-954C-83D040F66DD4}.Release|Any CPU.Build.0 = Release|Any CPU
		{09A40B56-7A3F-426D-954C-83D040F66DD4}.Release|x64.ActiveCfg = Release|Any CPU
		{09A40B56-7A3F-426D-954C-83D040F66DD4}.Release|x64.Build.0 = Release|Any CPU
		{09A40B56-7A3F-426D-954C-83D040F66DD4}.Release|x86.ActiveCfg = Release|Any CPU
		{09A40B56-7A3F-426D-954C-83D040F66DD4}.Release|x86.Build.0 = Release|Any CPU
		{4B8B6402-5A73-498B-941D-4F02233547C7}.Debug|Any CPU.ActiveCfg = Debug|Any CPU
		{4B8B6402-5A73-498B-941D-4F02233547C7}.Debug|Any CPU.Build.0 = Debug|Any CPU
		{4B8B6402-5A73-498B-941D-4F02233547C7}.Debug|x64.ActiveCfg = Debug|x64
		{4B8B6402-5A73-498B-941D-4F02233547C7}.Debug|x86.ActiveCfg = Debug|x86
		{4B8B6402-5A73-498B-941D-4F02233547C7}.ExportDebug|Any CPU.ActiveCfg = Debug|Any CPU
		{4B8B6402-5A73-498B-941D-4F02233547C7}.ExportDebug|Any CPU.Build.0 = Debug|Any CPU
		{4B8B6402-5A73-498B-941D-4F02233547C7}.ExportDebug|x64.ActiveCfg = ExportDebug|x64
		{4B8B6402-5A73-498B-941D-4F02233547C7}.ExportDebug|x86.ActiveCfg = ExportDebug|x86
		{4B8B6402-5A73-498B-941D-4F02233547C7}.ExportRelease|Any CPU.ActiveCfg = Release|Any CPU
		{4B8B6402-5A73-498B-941D-4F02233547C7}.ExportRelease|Any CPU.Build.0 = Release|Any CPU
		{4B8B6402-5A73-498B-941D-4F02233547C7}.ExportRelease|x64.ActiveCfg = ExportRelease|x64
		{4B8B6402-5A73-498B-941D-4F02233547C7}.ExportRelease|x86.ActiveCfg = ExportRelease|x86
		{4B8B6402-5A73-498B-941D-4F02233547C7}.Release|Any CPU.ActiveCfg = Release|Any CPU
		{4B8B6402-5A73-498B-941D-4F02233547C7}.Release|Any CPU.Build.0 = Release|Any CPU
		{4B8B6402-5A73-498B-941D-4F02233547C7}.Release|x64.ActiveCfg = Release|x64
		{4B8B6402-5A73-498B-941D-4F02233547C7}.Release|x86.ActiveCfg = Release|x86
		{6D3764AE-106B-4AFB-AEAC-4C2164049C2D}.Debug|Any CPU.ActiveCfg = Debug|Any CPU
		{6D3764AE-106B-4AFB-AEAC-4C2164049C2D}.Debug|Any CPU.Build.0 = Debug|Any CPU
		{6D3764AE-106B-4AFB-AEAC-4C2164049C2D}.Debug|x64.ActiveCfg = Debug|Any CPU
		{6D3764AE-106B-4AFB-AEAC-4C2164049C2D}.Debug|x64.Build.0 = Debug|Any CPU
		{6D3764AE-106B-4AFB-AEAC-4C2164049C2D}.Debug|x86.ActiveCfg = Debug|Any CPU
		{6D3764AE-106B-4AFB-AEAC-4C2164049C2D}.Debug|x86.Build.0 = Debug|Any CPU
		{6D3764AE-106B-4AFB-AEAC-4C2164049C2D}.ExportDebug|Any CPU.ActiveCfg = Debug|Any CPU
		{6D3764AE-106B-4AFB-AEAC-4C2164049C2D}.ExportDebug|Any CPU.Build.0 = Debug|Any CPU
		{6D3764AE-106B-4AFB-AEAC-4C2164049C2D}.ExportDebug|x64.ActiveCfg = Debug|Any CPU
		{6D3764AE-106B-4AFB-AEAC-4C2164049C2D}.ExportDebug|x64.Build.0 = Debug|Any CPU
		{6D3764AE-106B-4AFB-AEAC-4C2164049C2D}.ExportDebug|x86.ActiveCfg = Debug|Any CPU
		{6D3764AE-106B-4AFB-AEAC-4C2164049C2D}.ExportDebug|x86.Build.0 = Debug|Any CPU
		{6D3764AE-106B-4AFB-AEAC-4C2164049C2D}.ExportRelease|Any CPU.ActiveCfg = Debug|Any CPU
		{6D3764AE-106B-4AFB-AEAC-4C2164049C2D}.ExportRelease|Any CPU.Build.0 = Debug|Any CPU
		{6D3764AE-106B-4AFB-AEAC-4C2164049C2D}.ExportRelease|x64.ActiveCfg = Debug|Any CPU
		{6D3764AE-106B-4AFB-AEAC-4C2164049C2D}.ExportRelease|x64.Build.0 = Debug|Any CPU
		{6D3764AE-106B-4AFB-AEAC-4C2164049C2D}.ExportRelease|x86.ActiveCfg = Debug|Any CPU
		{6D3764AE-106B-4AFB-AEAC-4C2164049C2D}.ExportRelease|x86.Build.0 = Debug|Any CPU
		{6D3764AE-106B-4AFB-AEAC-4C2164049C2D}.Release|Any CPU.ActiveCfg = Release|Any CPU
		{6D3764AE-106B-4AFB-AEAC-4C2164049C2D}.Release|Any CPU.Build.0 = Release|Any CPU
		{6D3764AE-106B-4AFB-AEAC-4C2164049C2D}.Release|x64.ActiveCfg = Release|Any CPU
		{6D3764AE-106B-4AFB-AEAC-4C2164049C2D}.Release|x64.Build.0 = Release|Any CPU
		{6D3764AE-106B-4AFB-AEAC-4C2164049C2D}.Release|x86.ActiveCfg = Release|Any CPU
		{6D3764AE-106B-4AFB-AEAC-4C2164049C2D}.Release|x86.Build.0 = Release|Any CPU
		{DFEE5A89-3926-4625-9F9B-5A928A5A9F3D}.Debug|Any CPU.ActiveCfg = Debug|Any CPU
		{DFEE5A89-3926-4625-9F9B-5A928A5A9F3D}.Debug|Any CPU.Build.0 = Debug|Any CPU
		{DFEE5A89-3926-4625-9F9B-5A928A5A9F3D}.Debug|x64.ActiveCfg = Debug|Any CPU
		{DFEE5A89-3926-4625-9F9B-5A928A5A9F3D}.Debug|x64.Build.0 = Debug|Any CPU
		{DFEE5A89-3926-4625-9F9B-5A928A5A9F3D}.Debug|x86.ActiveCfg = Debug|Any CPU
		{DFEE5A89-3926-4625-9F9B-5A928A5A9F3D}.Debug|x86.Build.0 = Debug|Any CPU
		{DFEE5A89-3926-4625-9F9B-5A928A5A9F3D}.ExportDebug|Any CPU.ActiveCfg = Debug|Any CPU
		{DFEE5A89-3926-4625-9F9B-5A928A5A9F3D}.ExportDebug|Any CPU.Build.0 = Debug|Any CPU
		{DFEE5A89-3926-4625-9F9B-5A928A5A9F3D}.ExportDebug|x64.ActiveCfg = Debug|Any CPU
		{DFEE5A89-3926-4625-9F9B-5A928A5A9F3D}.ExportDebug|x64.Build.0 = Debug|Any CPU
		{DFEE5A89-3926-4625-9F9B-5A928A5A9F3D}.ExportDebug|x86.ActiveCfg = Debug|Any CPU
		{DFEE5A89-3926-4625-9F9B-5A928A5A9F3D}.ExportDebug|x86.Build.0 = Debug|Any CPU
		{DFEE5A89-3926-4625-9F9B-5A928A5A9F3D}.ExportRelease|Any CPU.ActiveCfg = Debug|Any CPU
		{DFEE5A89-3926-4625-9F9B-5A928A5A9F3D}.ExportRelease|Any CPU.Build.0 = Debug|Any CPU
		{DFEE5A89-3926-4625-9F9B-5A928A5A9F3D}.ExportRelease|x64.ActiveCfg = Debug|Any CPU
		{DFEE5A89-3926-4625-9F9B-5A928A5A9F3D}.ExportRelease|x64.Build.0 = Debug|Any CPU
		{DFEE5A89-3926-4625-9F9B-5A928A5A9F3D}.ExportRelease|x86.ActiveCfg = Debug|Any CPU
		{DFEE5A89-3926-4625-9F9B-5A928A5A9F3D}.ExportRelease|x86.Build.0 = Debug|Any CPU
		{DFEE5A89-3926-4625-9F9B-5A928A5A9F3D}.Release|Any CPU.ActiveCfg = Release|Any CPU
		{DFEE5A89-3926-4625-9F9B-5A928A5A9F3D}.Release|Any CPU.Build.0 = Release|Any CPU
		{DFEE5A89-3926-4625-9F9B-5A928A5A9F3D}.Release|x64.ActiveCfg = Release|Any CPU
		{DFEE5A89-3926-4625-9F9B-5A928A5A9F3D}.Release|x64.Build.0 = Release|Any CPU
		{DFEE5A89-3926-4625-9F9B-5A928A5A9F3D}.Release|x86.ActiveCfg = Release|Any CPU
		{DFEE5A89-3926-4625-9F9B-5A928A5A9F3D}.Release|x86.Build.0 = Release|Any CPU
	EndGlobalSection
	GlobalSection(SolutionProperties) = preSolution
		HideSolutionNode = FALSE
	EndGlobalSection
	GlobalSection(ExtensibilityGlobals) = postSolution
		SolutionGuid = {D27A2EB9-557E-4C62-AE47-60FAAF858E33}
	EndGlobalSection
EndGlobal
